
Microsoft Visual Studio Solution File, Format Version 11.00
# Visual Studio 2010
Project("{FAE04EC0-301F-11D3-BF4B-00C04F79EFBC}") = "TurnTableManiac", "Assembly-CSharp-firstpass.csproj", "{4F1E3AD0-8B3C-7D90-00F6-5ECD80EB3727}"
EndProject
Project("{FAE04EC0-301F-11D3-BF4B-00C04F79EFBC}") = "TurnTableManiac", "Assembly-CSharp.csproj", "{FB7C39F8-35BA-A793-B967-42B6137A79B6}"
EndProject
Project("{FAE04EC0-301F-11D3-BF4B-00C04F79EFBC}") = "TurnTableManiac", "Assembly-CSharp-Editor.csproj", "{9E3928A0-2632-9959-0B6F-E7B7E9C098ED}"
EndProject
Global
	GlobalSection(SolutionConfigurationPlatforms) = preSolution
		Debug|Any CPU = Debug|Any CPU
		Release|Any CPU = Release|Any CPU
	EndGlobalSection
	GlobalSection(ProjectConfigurationPlatforms) = postSolution
		{4F1E3AD0-8B3C-7D90-00F6-5ECD80EB3727}.Debug|Any CPU.ActiveCfg = Debug|Any CPU
		{4F1E3AD0-8B3C-7D90-00F6-5ECD80EB3727}.Debug|Any CPU.Build.0 = Debug|Any CPU
		{4F1E3AD0-8B3C-7D90-00F6-5ECD80EB3727}.Release|Any CPU.ActiveCfg = Release|Any CPU
		{4F1E3AD0-8B3C-7D90-00F6-5ECD80EB3727}.Release|Any CPU.Build.0 = Release|Any CPU
		{FB7C39F8-35BA-A793-B967-42B6137A79B6}.Debug|Any CPU.ActiveCfg = Debug|Any CPU
		{FB7C39F8-35BA-A793-B967-42B6137A79B6}.Debug|Any CPU.Build.0 = Debug|Any CPU
		{FB7C39F8-35BA-A793-B967-42B6137A79B6}.Release|Any CPU.ActiveCfg = Release|Any CPU
		{FB7C39F8-35BA-A793-B967-42B6137A79B6}.Release|Any CPU.Build.0 = Release|Any CPU
		{9E3928A0-2632-9959-0B6F-E7B7E9C098ED}.Debug|Any CPU.ActiveCfg = Debug|Any CPU
		{9E3928A0-2632-9959-0B6F-E7B7E9C098ED}.Debug|Any CPU.Build.0 = Debug|Any CPU
		{9E3928A0-2632-9959-0B6F-E7B7E9C098ED}.Release|Any CPU.ActiveCfg = Release|Any CPU
		{9E3928A0-2632-9959-0B6F-E7B7E9C098ED}.Release|Any CPU.Build.0 = Release|Any CPU
	EndGlobalSection
	GlobalSection(SolutionProperties) = preSolution
		HideSolutionNode = FALSE
	EndGlobalSection
	GlobalSection(MonoDevelopProperties) = preSolution
		StartupItem = Assembly-CSharp.csproj
	EndGlobalSection
EndGlobal
